{
    "requires": true,
    "lockfileVersion": 1,
    "dependencies": {
        "sweetalert2": {
            "version": "10.13.0",
            "resolved": "https://registry.npmjs.org/sweetalert2/-/sweetalert2-10.13.0.tgz",
            "integrity": "sha512-kF6Pnr7s7GDqVYRqqgyfxvG5vlUqfP+j+JF7oZ7DOs0/35jg6sTu8hyi6oD6Rb3fIKWIf1S9mCU7wR8iKa7dAA=="
        }
    }
}
